
Microsoft Visual Studio Solution File, Format Version 12.00
# Visual Studio Version 17
VisualStudioVersion = 17.14.36717.8 d17.14
MinimumVisualStudioVersion = 10.0.40219.1
Project("{FAE04EC0-301F-11D3-BF4B-00C04F79EFBC}") = "RankingService.API", "RankingService.API.csproj", "{BF318937-4781-3104-8993-72D2ADE5B6CD}"
EndProject
Global
	GlobalSection(SolutionConfigurationPlatforms) = preSolution
		Debug|Any CPU = Debug|Any CPU
		Release|Any CPU = Release|Any CPU
	EndGlobalSection
	GlobalSection(ProjectConfigurationPlatforms) = postSolution
		{BF318937-4781-3104-8993-72D2ADE5B6CD}.Debug|Any CPU.ActiveCfg = Debug|Any CPU
		{BF318937-4781-3104-8993-72D2ADE5B6CD}.Debug|Any CPU.Build.0 = Debug|Any CPU
		{BF318937-4781-3104-8993-72D2ADE5B6CD}.Release|Any CPU.ActiveCfg = Release|Any CPU
		{BF318937-4781-3104-8993-72D2ADE5B6CD}.Release|Any CPU.Build.0 = Release|Any CPU
	EndGlobalSection
	GlobalSection(SolutionProperties) = preSolution
		HideSolutionNode = FALSE
	EndGlobalSection
	GlobalSection(ExtensibilityGlobals) = postSolution
		SolutionGuid = {F03908A6-F06E-4290-9203-064E8B082546}
	EndGlobalSection
EndGlobal
