
Microsoft Visual Studio Solution File, Format Version 12.00
# Visual Studio Version 17
VisualStudioVersion = 17.14.36717.8
MinimumVisualStudioVersion = 10.0.40219.1
Project("{FAE04EC0-301F-11D3-BF4B-00C04F79EFBC}") = "GameService.API", "GameService.API\GameService.API.csproj", "{65B33635-650C-21A0-CB8A-B2591A46D960}"
EndProject
Project("{FAE04EC0-301F-11D3-BF4B-00C04F79EFBC}") = "PlayerService.API", "PlayerService.API\PlayerService.API.csproj", "{71D34DA3-9F73-054A-A175-BC0E9FF71F3D}"
EndProject
Project("{FAE04EC0-301F-11D3-BF4B-00C04F79EFBC}") = "ScoreService.API", "ScoreService.API\ScoreService.API.csproj", "{CF8C7B07-BD51-25A6-62B3-88617A8D625E}"
EndProject
Project("{FAE04EC0-301F-11D3-BF4B-00C04F79EFBC}") = "RankingService.API", "RankingService.API\RankingService.API.csproj", "{D598EB3D-B123-A664-2FA8-72BCAAB3FF5B}"
EndProject
Global
	GlobalSection(SolutionConfigurationPlatforms) = preSolution
		Debug|Any CPU = Debug|Any CPU
		Release|Any CPU = Release|Any CPU
	EndGlobalSection
	GlobalSection(ProjectConfigurationPlatforms) = postSolution
		{65B33635-650C-21A0-CB8A-B2591A46D960}.Debug|Any CPU.ActiveCfg = Debug|Any CPU
		{65B33635-650C-21A0-CB8A-B2591A46D960}.Debug|Any CPU.Build.0 = Debug|Any CPU
		{65B33635-650C-21A0-CB8A-B2591A46D960}.Release|Any CPU.ActiveCfg = Release|Any CPU
		{65B33635-650C-21A0-CB8A-B2591A46D960}.Release|Any CPU.Build.0 = Release|Any CPU
		{71D34DA3-9F73-054A-A175-BC0E9FF71F3D}.Debug|Any CPU.ActiveCfg = Debug|Any CPU
		{71D34DA3-9F73-054A-A175-BC0E9FF71F3D}.Debug|Any CPU.Build.0 = Debug|Any CPU
		{71D34DA3-9F73-054A-A175-BC0E9FF71F3D}.Release|Any CPU.ActiveCfg = Release|Any CPU
		{71D34DA3-9F73-054A-A175-BC0E9FF71F3D}.Release|Any CPU.Build.0 = Release|Any CPU
		{CF8C7B07-BD51-25A6-62B3-88617A8D625E}.Debug|Any CPU.ActiveCfg = Debug|Any CPU
		{CF8C7B07-BD51-25A6-62B3-88617A8D625E}.Debug|Any CPU.Build.0 = Debug|Any CPU
		{CF8C7B07-BD51-25A6-62B3-88617A8D625E}.Release|Any CPU.ActiveCfg = Release|Any CPU
		{CF8C7B07-BD51-25A6-62B3-88617A8D625E}.Release|Any CPU.Build.0 = Release|Any CPU
		{D598EB3D-B123-A664-2FA8-72BCAAB3FF5B}.Debug|Any CPU.ActiveCfg = Debug|Any CPU
		{D598EB3D-B123-A664-2FA8-72BCAAB3FF5B}.Debug|Any CPU.Build.0 = Debug|Any CPU
		{D598EB3D-B123-A664-2FA8-72BCAAB3FF5B}.Release|Any CPU.ActiveCfg = Release|Any CPU
		{D598EB3D-B123-A664-2FA8-72BCAAB3FF5B}.Release|Any CPU.Build.0 = Release|Any CPU
	EndGlobalSection
	GlobalSection(SolutionProperties) = preSolution
		HideSolutionNode = FALSE
	EndGlobalSection
	GlobalSection(ExtensibilityGlobals) = postSolution
		SolutionGuid = {E3B58582-2438-4268-A3CC-89816154C3C2}
	EndGlobalSection
EndGlobal
